// !$*UTF8*$!
{
	archiveVersion = 1;
	classes = {
	};
	objectVersion = 48;
	objects = {

/* Begin PBXBuildFile section */
		6F16FF0420BFE1AD00988759 /* AppDelegate.swift in Sources */ = {isa = PBXBuildFile; fileRef = 6F16FF0320BFE1AD00988759 /* AppDelegate.swift */; };
		6F16FF0620BFE1AD00988759 /* ViewController.swift in Sources */ = {isa = PBXBuildFile; fileRef = 6F16FF0520BFE1AD00988759 /* ViewController.swift */; };
		6F16FF0920BFE1AE00988759 /* Main.storyboard in Resources */ = {isa = PBXBuildFile; fileRef = 6F16FF0720BFE1AE00988759 /* Main.storyboard */; };
		6F16FF0B20BFE1AE00988759 /* Assets.xcassets in Resources */ = {isa = PBXBuildFile; fileRef = 6F16FF0A20BFE1AE00988759 /* Assets.xcassets */; };
		6F16FF0E20BFE1AE00988759 /* LaunchScreen.storyboard in Resources */ = {isa = PBXBuildFile; fileRef = 6F16FF0C20BFE1AE00988759 /* LaunchScreen.storyboard */; };
		6F16FF1920BFE1AE00988759 /* werkstuk1Tests.swift in Sources */ = {isa = PBXBuildFile; fileRef = 6F16FF1820BFE1AE00988759 /* werkstuk1Tests.swift */; };
		6F16FF2420BFE1AE00988759 /* werkstuk1UITests.swift in Sources */ = {isa = PBXBuildFile; fileRef = 6F16FF2320BFE1AE00988759 /* werkstuk1UITests.swift */; };
/* End PBXBuildFile section */

/* Begin PBXContainerItemProxy section */
		6F16FF1520BFE1AE00988759 /* PBXContainerItemProxy */ = {
			isa = PBXContainerItemProxy;
			containerPortal = 6F16FEF820BFE1AD00988759 /* Project object */;
			proxyType = 1;
			remoteGlobalIDString = 6F16FEFF20BFE1AD00988759;
			remoteInfo = werkstuk1;
		};
		6F16FF2020BFE1AE00988759 /* PBXContainerItemProxy */ = {
			isa = PBXContainerItemProxy;
			containerPortal = 6F16FEF820BFE1AD00988759 /* Project object */;
			proxyType = 1;
			remoteGlobalIDString = 6F16FEFF20BFE1AD00988759;
			remoteInfo = werkstuk1;
		};
/* End PBXContainerItemProxy section */

/* Begin PBXFileReference section */
		6F16FF0020BFE1AD00988759 /* werkstuk1.app */ = {isa = PBXFileReference; explicitFileType = wrapper.application; includeInIndex = 0; path = werkstuk1.app; sourceTree = BUILT_PRODUCTS_DIR; };
		6F16FF0320BFE1AD00988759 /* AppDelegate.swift */ = {isa = PBXFileReference; lastKnownFileType = sourcecode.swift; path = AppDelegate.swift; sourceTree = "<group>"; };
		6F16FF0520BFE1AD00988759 /* ViewController.swift */ = {isa = PBXFileReference; lastKnownFileType = sourcecode.swift; path = ViewController.swift; sourceTree = "<group>"; };
		6F16FF0820BFE1AE00988759 /* Base */ = {isa = PBXFileReference; lastKnownFileType = file.storyboard; name = Base; path = Base.lproj/Main.storyboard; sourceTree = "<group>"; };
		6F16FF0A20BFE1AE00988759 /* Assets.xcassets */ = {isa = PBXFileReference; lastKnownFileType = folder.assetcatalog; path = Assets.xcassets; sourceTree = "<group>"; };
		6F16FF0D20BFE1AE00988759 /* Base */ = {isa = PBXFileReference; lastKnownFileType = file.storyboard; name = Base; path = Base.lproj/LaunchScreen.storyboard; sourceTree = "<group>"; };
		6F16FF0F20BFE1AE00988759 /* Info.plist */ = {isa = PBXFileReference; lastKnownFileType = text.plist.xml; path = Info.plist; sourceTree = "<group>"; };
		6F16FF1420BFE1AE00988759 /* werkstuk1Tests.xctest */ = {isa = PBXFileReference; explicitFileType = wrapper.cfbundle; includeInIndex = 0; path = werkstuk1Tests.xctest; sourceTree = BUILT_PRODUCTS_DIR; };
		6F16FF1820BFE1AE00988759 /* werkstuk1Tests.swift */ = {isa = PBXFileReference; lastKnownFileType = sourcecode.swift; path = werkstuk1Tests.swift; sourceTree = "<group>"; };
		6F16FF1A20BFE1AE00988759 /* Info.plist */ = {isa = PBXFileReference; lastKnownFileType = text.plist.xml; path = Info.plist; sourceTree = "<group>"; };
		6F16FF1F20BFE1AE00988759 /* werkstuk1UITests.xctest */ = {isa = PBXFileReference; explicitFileType = wrapper.cfbundle; includeInIndex = 0; path = werkstuk1UITests.xctest; sourceTree = BUILT_PRODUCTS_DIR; };
		6F16FF2320BFE1AE00988759 /* werkstuk1UITests.swift */ = {isa = PBXFileReference; lastKnownFileType = sourcecode.swift; path = werkstuk1UITests.swift; sourceTree = "<group>"; };
		6F16FF2520BFE1AE00988759 /* Info.plist */ = {isa = PBXFileReference; lastKnownFileType = text.plist.xml; path = Info.plist; sourceTree = "<group>"; };
/* End PBXFileReference section */

/* Begin PBXFrameworksBuildPhase section */
		6F16FEFD20BFE1AD00988759 /* Frameworks */ = {
			isa = PBXFrameworksBuildPhase;
			buildActionMask = 2147483647;
			files = (
			);
			runOnlyForDeploymentPostprocessing = 0;
		};
		6F16FF1120BFE1AE00988759 /* Frameworks */ = {
			isa = PBXFrameworksBuildPhase;
			buildActionMask = 2147483647;
			files = (
			);
			runOnlyForDeploymentPostprocessing = 0;
		};
		6F16FF1C20BFE1AE00988759 /* Frameworks */ = {
			isa = PBXFrameworksBuildPhase;
			buildActionMask = 2147483647;
			files = (
			);
			runOnlyForDeploymentPostprocessing = 0;
		};
/* End PBXFrameworksBuildPhase section */

/* Begin PBXGroup section */
		6F16FEF720BFE1AD00988759 = {
			isa = PBXGroup;
			children = (
				6F16FF0220BFE1AD00988759 /* werkstuk1 */,
				6F16FF1720BFE1AE00988759 /* werkstuk1Tests */,
				6F16FF2220BFE1AE00988759 /* werkstuk1UITests */,
				6F16FF0120BFE1AD00988759 /* Products */,
			);
			sourceTree = "<group>";
		};
		6F16FF0120BFE1AD00988759 /* Products */ = {
			isa = PBXGroup;
			children = (
				6F16FF0020BFE1AD00988759 /* werkstuk1.app */,
				6F16FF1420BFE1AE00988759 /* werkstuk1Tests.xctest */,
				6F16FF1F20BFE1AE00988759 /* werkstuk1UITests.xctest */,
			);
			name = Products;
			sourceTree = "<group>";
		};
		6F16FF0220BFE1AD00988759 /* werkstuk1 */ = {
			isa = PBXGroup;
			children = (
				6F16FF0320BFE1AD00988759 /* AppDelegate.swift */,
				6F16FF0520BFE1AD00988759 /* ViewController.swift */,
				6F16FF0720BFE1AE00988759 /* Main.storyboard */,
				6F16FF0A20BFE1AE00988759 /* Assets.xcassets */,
				6F16FF0C20BFE1AE00988759 /* LaunchScreen.storyboard */,
				6F16FF0F20BFE1AE00988759 /* Info.plist */,
			);
			path = werkstuk1;
			sourceTree = "<group>";
		};
		6F16FF1720BFE1AE00988759 /* werkstuk1Tests */ = {
			isa = PBXGroup;
			children = (
				6F16FF1820BFE1AE00988759 /* werkstuk1Tests.swift */,
				6F16FF1A20BFE1AE00988759 /* Info.plist */,
			);
			path = werkstuk1Tests;
			sourceTree = "<group>";
		};
		6F16FF2220BFE1AE00988759 /* werkstuk1UITests */ = {
			isa = PBXGroup;
			children = (
				6F16FF2320BFE1AE00988759 /* werkstuk1UITests.swift */,
				6F16FF2520BFE1AE00988759 /* Info.plist */,
			);
			path = werkstuk1UITests;
			sourceTree = "<group>";
		};
/* End PBXGroup section */

/* Begin PBXNativeTarget section */
		6F16FEFF20BFE1AD00988759 /* werkstuk1 */ = {
			isa = PBXNativeTarget;
			buildConfigurationList = 6F16FF2820BFE1AE00988759 /* Build configuration list for PBXNativeTarget "werkstuk1" */;
			buildPhases = (
				6F16FEFC20BFE1AD00988759 /* Sources */,
				6F16FEFD20BFE1AD00988759 /* Frameworks */,
				6F16FEFE20BFE1AD00988759 /* Resources */,
			);
			buildRules = (
			);
			dependencies = (
			);
			name = werkstuk1;
			productName = werkstuk1;
			productReference = 6F16FF0020BFE1AD00988759 /* werkstuk1.app */;
			productType = "com.apple.product-type.application";
		};
		6F16FF1320BFE1AE00988759 /* werkstuk1Tests */ = {
			isa = PBXNativeTarget;
			buildConfigurationList = 6F16FF2B20BFE1AE00988759 /* Build configuration list for PBXNativeTarget "werkstuk1Tests" */;
			buildPhases = (
				6F16FF1020BFE1AE00988759 /* Sources */,
				6F16FF1120BFE1AE00988759 /* Frameworks */,
				6F16FF1220BFE1AE00988759 /* Resources */,
			);
			buildRules = (
			);
			dependencies = (
				6F16FF1620BFE1AE00988759 /* PBXTargetDependency */,
			);
			name = werkstuk1Tests;
			productName = werkstuk1Tests;
			productReference = 6F16FF1420BFE1AE00988759 /* werkstuk1Tests.xctest */;
			productType = "com.apple.product-type.bundle.unit-test";
		};
		6F16FF1E20BFE1AE00988759 /* werkstuk1UITests */ = {
			isa = PBXNativeTarget;
			buildConfigurationList = 6F16FF2E20BFE1AE00988759 /* Build configuration list for PBXNativeTarget "werkstuk1UITests" */;
			buildPhases = (
				6F16FF1B20BFE1AE00988759 /* Sources */,
				6F16FF1C20BFE1AE00988759 /* Frameworks */,
				6F16FF1D20BFE1AE00988759 /* Resources */,
			);
			buildRules = (
			);
			dependencies = (
				6F16FF2120BFE1AE00988759 /* PBXTargetDependency */,
			);
			name = werkstuk1UITests;
			productName = werkstuk1UITests;
			productReference = 6F16FF1F20BFE1AE00988759 /* werkstuk1UITests.xctest */;
			productType = "com.apple.product-type.bundle.ui-testing";
		};
/* End PBXNativeTarget section */

/* Begin PBXProject section */
		6F16FEF820BFE1AD00988759 /* Project object */ = {
			isa = PBXProject;
			attributes = {
				LastSwiftUpdateCheck = 0920;
				LastUpgradeCheck = 0920;
				ORGANIZATIONNAME = "BLANCQUAERT Robrecht (s)";
				TargetAttributes = {
					6F16FEFF20BFE1AD00988759 = {
						CreatedOnToolsVersion = 9.2;
						ProvisioningStyle = Automatic;
					};
					6F16FF1320BFE1AE00988759 = {
						CreatedOnToolsVersion = 9.2;
						ProvisioningStyle = Automatic;
						TestTargetID = 6F16FEFF20BFE1AD00988759;
					};
					6F16FF1E20BFE1AE00988759 = {
						CreatedOnToolsVersion = 9.2;
						ProvisioningStyle = Automatic;
						TestTargetID = 6F16FEFF20BFE1AD00988759;
					};
				};
			};
			buildConfigurationList = 6F16FEFB20BFE1AD00988759 /* Build configuration list for PBXProject "werkstuk1" */;
			compatibilityVersion = "Xcode 8.0";
			developmentRegion = en;
			hasScannedForEncodings = 0;
			knownRegions = (
				en,
				Base,
			);
			mainGroup = 6F16FEF720BFE1AD00988759;
			productRefGroup = 6F16FF0120BFE1AD00988759 /* Products */;
			projectDirPath = "";
			projectRoot = "";
			targets = (
				6F16FEFF20BFE1AD00988759 /* werkstuk1 */,
				6F16FF1320BFE1AE00988759 /* werkstuk1Tests */,
				6F16FF1E20BFE1AE00988759 /* werkstuk1UITests */,
			);
		};
/* End PBXProject section */

/* Begin PBXResourcesBuildPhase section */
		6F16FEFE20BFE1AD00988759 /* Resources */ = {
			isa = PBXResourcesBuildPhase;
			buildActionMask = 2147483647;
			files = (
				6F16FF0E20BFE1AE00988759 /* LaunchScreen.storyboard in Resources */,
				6F16FF0B20BFE1AE00988759 /* Assets.xcassets in Resources */,
				6F16FF0920BFE1AE00988759 /* Main.storyboard in Resources */,
			);
			runOnlyForDeploymentPostprocessing = 0;
		};
		6F16FF1220BFE1AE00988759 /* Resources */ = {
			isa = PBXResourcesBuildPhase;
			buildActionMask = 2147483647;
			files = (
			);
			runOnlyForDeploymentPostprocessing = 0;
		};
		6F16FF1D20BFE1AE00988759 /* Resources */ = {
			isa = PBXResourcesBuildPhase;
			buildActionMask = 2147483647;
			files = (
			);
			runOnlyForDeploymentPostprocessing = 0;
		};
/* End PBXResourcesBuildPhase section */

/* Begin PBXSourcesBuildPhase section */
		6F16FEFC20BFE1AD00988759 /* Sources */ = {
			isa = PBXSourcesBuildPhase;
			buildActionMask = 2147483647;
			files = (
				6F16FF0620BFE1AD00988759 /* ViewController.swift in Sources */,
				6F16FF0420BFE1AD00988759 /* AppDelegate.swift in Sources */,
			);
			runOnlyForDeploymentPostprocessing = 0;
		};
		6F16FF1020BFE1AE00988759 /* Sources */ = {
			isa = PBXSourcesBuildPhase;
			buildActionMask = 2147483647;
			files = (
				6F16FF1920BFE1AE00988759 /* werkstuk1Tests.swift in Sources */,
			);
			runOnlyForDeploymentPostprocessing = 0;
		};
		6F16FF1B20BFE1AE00988759 /* Sources */ = {
			isa = PBXSourcesBuildPhase;
			buildActionMask = 2147483647;
			files = (
				6F16FF2420BFE1AE00988759 /* werkstuk1UITests.swift in Sources */,
			);
			runOnlyForDeploymentPostprocessing = 0;
		};
/* End PBXSourcesBuildPhase section */

/* Begin PBXTargetDependency section */
		6F16FF1620BFE1AE00988759 /* PBXTargetDependency */ = {
			isa = PBXTargetDependency;
			target = 6F16FEFF20BFE1AD00988759 /* werkstuk1 */;
			targetProxy = 6F16FF1520BFE1AE00988759 /* PBXContainerItemProxy */;
		};
		6F16FF2120BFE1AE00988759 /* PBXTargetDependency */ = {
			isa = PBXTargetDependency;
			target = 6F16FEFF20BFE1AD00988759 /* werkstuk1 */;
			targetProxy = 6F16FF2020BFE1AE00988759 /* PBXContainerItemProxy */;
		};
/* End PBXTargetDependency section */

/* Begin PBXVariantGroup section */
		6F16FF0720BFE1AE00988759 /* Main.storyboard */ = {
			isa = PBXVariantGroup;
			children = (
				6F16FF0820BFE1AE00988759 /* Base */,
			);
			name = Main.storyboard;
			sourceTree = "<group>";
		};
		6F16FF0C20BFE1AE00988759 /* LaunchScreen.storyboard */ = {
			isa = PBXVariantGroup;
			children = (
				6F16FF0D20BFE1AE00988759 /* Base */,
			);
			name = LaunchScreen.storyboard;
			sourceTree = "<group>";
		};
/* End PBXVariantGroup section */

/* Begin XCBuildConfiguration section */
		6F16FF2620BFE1AE00988759 /* Debug */ = {
			isa = XCBuildConfiguration;
			buildSettings = {
				ALWAYS_SEARCH_USER_PATHS = NO;
				CLANG_ANALYZER_NONNULL = YES;
				CLANG_ANALYZER_NUMBER_OBJECT_CONVERSION = YES_AGGRESSIVE;
				CLANG_CXX_LANGUAGE_STANDARD = "gnu++14";
				CLANG_CXX_LIBRARY = "libc++";
				CLANG_ENABLE_MODULES = YES;
				CLANG_ENABLE_OBJC_ARC = YES;
				CLANG_WARN_BLOCK_CAPTURE_AUTORELEASING = YES;
				CLANG_WARN_BOOL_CONVERSION = YES;
				CLANG_WARN_COMMA = YES;
				CLANG_WARN_CONSTANT_CONVERSION = YES;
				CLANG_WARN_DIRECT_OBJC_ISA_USAGE = YES_ERROR;
				CLANG_WARN_DOCUMENTATION_COMMENTS = YES;
				CLANG_WARN_EMPTY_BODY = YES;
				CLANG_WARN_ENUM_CONVERSION = YES;
				CLANG_WARN_INFINITE_RECURSION = YES;
				CLANG_WARN_INT_CONVERSION = YES;
				CLANG_WARN_NON_LITERAL_NULL_CONVERSION = YES;
				CLANG_WARN_OBJC_LITERAL_CONVERSION = YES;
				CLANG_WARN_OBJC_ROOT_CLASS = YES_ERROR;
				CLANG_WARN_RANGE_LOOP_ANALYSIS = YES;
				CLANG_WARN_STRICT_PROTOTYPES = YES;
				CLANG_WARN_SUSPICIOUS_MOVE = YES;
				CLANG_WARN_UNGUARDED_AVAILABILITY = YES_AGGRESSIVE;
				CLANG_WARN_UNREACHABLE_CODE = YES;
				CLANG_WARN__DUPLICATE_METHOD_MATCH = YES;
				CODE_SIGN_IDENTITY = "iPhone Developer";
				COPY_PHASE_STRIP = NO;
				DEBUG_INFORMATION_FORMAT = dwarf;
				ENABLE_STRICT_OBJC_MSGSEND = YES;
				ENABLE_TESTABILITY = YES;
				GCC_C_LANGUAGE_STANDARD = gnu11;
				GCC_DYNAMIC_NO_PIC = NO;
				GCC_NO_COMMON_BLOCKS = YES;
				GCC_OPTIMIZATION_LEVEL = 0;
				GCC_PREPROCESSOR_DEFINITIONS = (
					"DEBUG=1",
					"$(inherited)",
				);
				GCC_WARN_64_TO_32_BIT_CONVERSION = YES;
				GCC_WARN_ABOUT_RETURN_TYPE = YES_ERROR;
				GCC_WARN_UNDECLARED_SELECTOR = YES;
				GCC_WARN_UNINITIALIZED_AUTOS = YES_AGGRESSIVE;
				GCC_WARN_UNUSED_FUNCTION = YES;
				GCC_WARN_UNUSED_VARIABLE = YES;
				IPHONEOS_DEPLOYMENT_TARGET = 11.2;
				MTL_ENABLE_DEBUG_INFO = YES;
				ONLY_ACTIVE_ARCH = YES;
				SDKROOT = iphoneos;
				SWIFT_ACTIVE_COMPILATION_CONDITIONS = DEBUG;
				SWIFT_OPTIMIZATION_LEVEL = "-Onone";
			};
			name = Debug;
		};
		6F16FF2720BFE1AE00988759 /* Release */ = {
			isa = XCBuildConfiguration;
			buildSettings = {
				ALWAYS_SEARCH_USER_PATHS = NO;
				CLANG_ANALYZER_NONNULL = YES;
				CLANG_ANALYZER_NUMBER_OBJECT_CONVERSION = YES_AGGRESSIVE;
				CLANG_CXX_LANGUAGE_STANDARD = "gnu++14";
				CLANG_CXX_LIBRARY = "libc++";
				CLANG_ENABLE_MODULES = YES;
				CLANG_ENABLE_OBJC_ARC = YES;
				CLANG_WARN_BLOCK_CAPTURE_AUTORELEASING = YES;
				CLANG_WARN_BOOL_CONVERSION = YES;
				CLANG_WARN_COMMA = YES;
				CLANG_WARN_CONSTANT_CONVERSION = YES;
				CLANG_WARN_DIRECT_OBJC_ISA_USAGE = YES_ERROR;
				CLANG_WARN_DOCUMENTATION_COMMENTS = YES;
				CLANG_WARN_EMPTY_BODY = YES;
				CLANG_WARN_ENUM_CONVERSION = YES;
				CLANG_WARN_INFINITE_RECURSION = YES;
				CLANG_WARN_INT_CONVERSION = YES;
				CLANG_WARN_NON_LITERAL_NULL_CONVERSION = YES;
				CLANG_WARN_OBJC_LITERAL_CONVERSION = YES;
				CLANG_WARN_OBJC_ROOT_CLASS = YES_ERROR;
				CLANG_WARN_RANGE_LOOP_ANALYSIS = YES;
				CLANG_WARN_STRICT_PROTOTYPES = YES;
				CLANG_WARN_SUSPICIOUS_MOVE = YES;
				CLANG_WARN_UNGUARDED_AVAILABILITY = YES_AGGRESSIVE;
				CLANG_WARN_UNREACHABLE_CODE = YES;
				CLANG_WARN__DUPLICATE_METHOD_MATCH = YES;
				CODE_SIGN_IDENTITY = "iPhone Developer";
				COPY_PHASE_STRIP = NO;
				DEBUG_INFORMATION_FORMAT = "dwarf-with-dsym";
				ENABLE_NS_ASSERTIONS = NO;
				ENABLE_STRICT_OBJC_MSGSEND = YES;
				GCC_C_LANGUAGE_STANDARD = gnu11;
				GCC_NO_COMMON_BLOCKS = YES;
				GCC_WARN_64_TO_32_BIT_CONVERSION = YES;
				GCC_WARN_ABOUT_RETURN_TYPE = YES_ERROR;
				GCC_WARN_UNDECLARED_SELECTOR = YES;
				GCC_WARN_UNINITIALIZED_AUTOS = YES_AGGRESSIVE;
				GCC_WARN_UNUSED_FUNCTION = YES;
				GCC_WARN_UNUSED_VARIABLE = YES;
				IPHONEOS_DEPLOYMENT_TARGET = 11.2;
				MTL_ENABLE_DEBUG_INFO = NO;
				SDKROOT = iphoneos;
				SWIFT_OPTIMIZATION_LEVEL = "-Owholemodule";
				VALIDATE_PRODUCT = YES;
			};
			name = Release;
		};
		6F16FF2920BFE1AE00988759 /* Debug */ = {
			isa = XCBuildConfiguration;
			buildSettings = {
				ASSETCATALOG_COMPILER_APPICON_NAME = AppIcon;
				CODE_SIGN_STYLE = Automatic;
				INFOPLIST_FILE = werkstuk1/Info.plist;
				LD_RUNPATH_SEARCH_PATHS = "$(inherited) @executable_path/Frameworks";
				PRODUCT_BUNDLE_IDENTIFIER = ehb.werkstuk1;
				PRODUCT_NAME = "$(TARGET_NAME)";
				SWIFT_VERSION = 4.0;
				TARGETED_DEVICE_FAMILY = "1,2";
			};
			name = Debug;
		};
		6F16FF2A20BFE1AE00988759 /* Release */ = {
			isa = XCBuildConfiguration;
			buildSettings = {
				ASSETCATALOG_COMPILER_APPICON_NAME = AppIcon;
				CODE_SIGN_STYLE = Automatic;
				INFOPLIST_FILE = werkstuk1/Info.plist;
				LD_RUNPATH_SEARCH_PATHS = "$(inherited) @executable_path/Frameworks";
				PRODUCT_BUNDLE_IDENTIFIER = ehb.werkstuk1;
				PRODUCT_NAME = "$(TARGET_NAME)";
				SWIFT_VERSION = 4.0;
				TARGETED_DEVICE_FAMILY = "1,2";
			};
			name = Release;
		};
		6F16FF2C20BFE1AE00988759 /* Debug */ = {
			isa = XCBuildConfiguration;
			buildSettings = {
				ALWAYS_EMBED_SWIFT_STANDARD_LIBRARIES = YES;
				BUNDLE_LOADER = "$(TEST_HOST)";
				CODE_SIGN_STYLE = Automatic;
				INFOPLIST_FILE = werkstuk1Tests/Info.plist;
				LD_RUNPATH_SEARCH_PATHS = "$(inherited) @executable_path/Frameworks @loader_path/Frameworks";
				PRODUCT_BUNDLE_IDENTIFIER = ehb.werkstuk1Tests;
				PRODUCT_NAME = "$(TARGET_NAME)";
				SWIFT_VERSION = 4.0;
				TARGETED_DEVICE_FAMILY = "1,2";
				TEST_HOST = "$(BUILT_PRODUCTS_DIR)/werkstuk1.app/werkstuk1";
			};
			name = Debug;
		};
		6F16FF2D20BFE1AE00988759 /* Release */ = {
			isa = XCBuildConfiguration;
			buildSettings = {
				ALWAYS_EMBED_SWIFT_STANDARD_LIBRARIES = YES;
				BUNDLE_LOADER = "$(TEST_HOST)";
				CODE_SIGN_STYLE = Automatic;
				INFOPLIST_FILE = werkstuk1Tests/Info.plist;
				LD_RUNPATH_SEARCH_PATHS = "$(inherited) @executable_path/Frameworks @loader_path/Frameworks";
				PRODUCT_BUNDLE_IDENTIFIER = ehb.werkstuk1Tests;
				PRODUCT_NAME = "$(TARGET_NAME)";
				SWIFT_VERSION = 4.0;
				TARGETED_DEVICE_FAMILY = "1,2";
				TEST_HOST = "$(BUILT_PRODUCTS_DIR)/werkstuk1.app/werkstuk1";
			};
			name = Release;
		};
		6F16FF2F20BFE1AE00988759 /* Debug */ = {
			isa = XCBuildConfiguration;
			buildSettings = {
				ALWAYS_EMBED_SWIFT_STANDARD_LIBRARIES = YES;
				CODE_SIGN_STYLE = Automatic;
				INFOPLIST_FILE = werkstuk1UITests/Info.plist;
				LD_RUNPATH_SEARCH_PATHS = "$(inherited) @executable_path/Frameworks @loader_path/Frameworks";
				PRODUCT_BUNDLE_IDENTIFIER = ehb.werkstuk1UITests;
				PRODUCT_NAME = "$(TARGET_NAME)";
				SWIFT_VERSION = 4.0;
				TARGETED_DEVICE_FAMILY = "1,2";
				TEST_TARGET_NAME = werkstuk1;
			};
			name = Debug;
		};
		6F16FF3020BFE1AE00988759 /* Release */ = {
			isa = XCBuildConfiguration;
			buildSettings = {
				ALWAYS_EMBED_SWIFT_STANDARD_LIBRARIES = YES;
				CODE_SIGN_STYLE = Automatic;
				INFOPLIST_FILE = werkstuk1UITests/Info.plist;
				LD_RUNPATH_SEARCH_PATHS = "$(inherited) @executable_path/Frameworks @loader_path/Frameworks";
				PRODUCT_BUNDLE_IDENTIFIER = ehb.werkstuk1UITests;
				PRODUCT_NAME = "$(TARGET_NAME)";
				SWIFT_VERSION = 4.0;
				TARGETED_DEVICE_FAMILY = "1,2";
				TEST_TARGET_NAME = werkstuk1;
			};
			name = Release;
		};
/* End XCBuildConfiguration section */

/* Begin XCConfigurationList section */
		6F16FEFB20BFE1AD00988759 /* Build configuration list for PBXProject "werkstuk1" */ = {
			isa = XCConfigurationList;
			buildConfigurations = (
				6F16FF2620BFE1AE00988759 /* Debug */,
				6F16FF2720BFE1AE00988759 /* Release */,
			);
			defaultConfigurationIsVisible = 0;
			defaultConfigurationName = Release;
		};
		6F16FF2820BFE1AE00988759 /* Build configuration list for PBXNativeTarget "werkstuk1" */ = {
			isa = XCConfigurationList;
			buildConfigurations = (
				6F16FF2920BFE1AE00988759 /* Debug */,
				6F16FF2A20BFE1AE00988759 /* Release */,
			);
			defaultConfigurationIsVisible = 0;
			defaultConfigurationName = Release;
		};
		6F16FF2B20BFE1AE00988759 /* Build configuration list for PBXNativeTarget "werkstuk1Tests" */ = {
			isa = XCConfigurationList;
			buildConfigurations = (
				6F16FF2C20BFE1AE00988759 /* Debug */,
				6F16FF2D20BFE1AE00988759 /* Release */,
			);
			defaultConfigurationIsVisible = 0;
			defaultConfigurationName = Release;
		};
		6F16FF2E20BFE1AE00988759 /* Build configuration list for PBXNativeTarget "werkstuk1UITests" */ = {
			isa = XCConfigurationList;
			buildConfigurations = (
				6F16FF2F20BFE1AE00988759 /* Debug */,
				6F16FF3020BFE1AE00988759 /* Release */,
			);
			defaultConfigurationIsVisible = 0;
			defaultConfigurationName = Release;
		};
/* End XCConfigurationList section */
	};
	rootObject = 6F16FEF820BFE1AD00988759 /* Project object */;
}
